# This file was autogenerated by Stack.
# You should not edit this file by hand.
# For more information, please see the documentation at:
#   https://docs.haskellstack.org/en/stable/lock_files

packages:
- completed:
    hackage: flatparse-0.3.5.1@sha256:f10369df044cf9782dfd1ce7bd865f2d3e2ea7d71cc0040df62b3ac921021a45,3936
    pantry-tree:
      size: 1062
      sha256: e0d48ff528737de7351bd3d491ad6913bbd4aca0b9957386512820a0f09eedd5
  original:
    hackage: flatparse-0.3.5.1@sha256:f10369df044cf9782dfd1ce7bd865f2d3e2ea7d71cc0040df62b3ac921021a45,3936
snapshots:
- completed:
    size: 532380
    url: https://raw.githubusercontent.com/commercialhaskell/stackage-snapshots/master/lts/16/16.yaml
    sha256: d6b004b095fe2a0b8b14fbc30014ee97e58843b9c9362ddb9244273dda62649e
  original: lts-16.16
